
Microsoft Visual Studio Solution File, Format Version 12.00
# Visual Studio Version 17
Project("{2150E333-8FDC-42A3-9474-1A3956D46DE8}") = "CMakePredefinedTargets", "CMakePredefinedTargets", "{7AB9BC1A-88A6-3D2E-B2BE-BEFD9D4B6EEC}"
EndProject
Project("{8BC9CEB8-8B4A-11D0-8D11-00A0C91BC942}") = "CSC8503", "CSC8503\CSC8503.vcxproj", "{89B802AD-A3AB-3930-8DFA-1C7DC417D593}"
	ProjectSection(ProjectDependencies) = postProject
		{E2CF238D-DAA7-3A6E-96CE-E2BF05954BBB} = {E2CF238D-DAA7-3A6E-96CE-E2BF05954BBB}
		{6EAA0E24-5693-3253-9511-120AD93158B3} = {6EAA0E24-5693-3253-9511-120AD93158B3}
		{D4BD5EE6-15B6-3508-B1DE-6D3E68C9AF9E} = {D4BD5EE6-15B6-3508-B1DE-6D3E68C9AF9E}
	EndProjectSection
EndProject
Project("{8BC9CEB8-8B4A-11D0-8D11-00A0C91BC942}") = "ALL_BUILD", "ALL_BUILD.vcxproj", "{B178F04B-6CED-3C68-A4AE-22CB4724D25B}"
	ProjectSection(ProjectDependencies) = postProject
		{89B802AD-A3AB-3930-8DFA-1C7DC417D593} = {89B802AD-A3AB-3930-8DFA-1C7DC417D593}
		{E2CF238D-DAA7-3A6E-96CE-E2BF05954BBB} = {E2CF238D-DAA7-3A6E-96CE-E2BF05954BBB}
		{6EAA0E24-5693-3253-9511-120AD93158B3} = {6EAA0E24-5693-3253-9511-120AD93158B3}
		{D4BD5EE6-15B6-3508-B1DE-6D3E68C9AF9E} = {D4BD5EE6-15B6-3508-B1DE-6D3E68C9AF9E}
	EndProjectSection
EndProject
Project("{8BC9CEB8-8B4A-11D0-8D11-00A0C91BC942}") = "CSC8503CoreClasses", "CSC8503CoreClasses\CSC8503CoreClasses.vcxproj", "{E2CF238D-DAA7-3A6E-96CE-E2BF05954BBB}"
	ProjectSection(ProjectDependencies) = postProject
		{6EAA0E24-5693-3253-9511-120AD93158B3} = {6EAA0E24-5693-3253-9511-120AD93158B3}
		{D4BD5EE6-15B6-3508-B1DE-6D3E68C9AF9E} = {D4BD5EE6-15B6-3508-B1DE-6D3E68C9AF9E}
	EndProjectSection
EndProject
Project("{8BC9CEB8-8B4A-11D0-8D11-00A0C91BC942}") = "NCLCoreClasses", "NCLCoreClasses\NCLCoreClasses.vcxproj", "{6EAA0E24-5693-3253-9511-120AD93158B3}"
	ProjectSection(ProjectDependencies) = postProject
		{8D927447-548C-3379-8172-D75832BA3396} = {8D927447-548C-3379-8172-D75832BA3396}
	EndProjectSection
EndProject
Project("{8BC9CEB8-8B4A-11D0-8D11-00A0C91BC942}") = "OpenGLRendering", "OpenGLRendering\OpenGLRendering.vcxproj", "{8D927447-548C-3379-8172-D75832BA3396}"
	ProjectSection(ProjectDependencies) = postProject
		{D4BD5EE6-15B6-3508-B1DE-6D3E68C9AF9E} = {D4BD5EE6-15B6-3508-B1DE-6D3E68C9AF9E}
	EndProjectSection
EndProject
Project("{8BC9CEB8-8B4A-11D0-8D11-00A0C91BC942}") = "ZERO_CHECK", "ZERO_CHECK.vcxproj", "{D4BD5EE6-15B6-3508-B1DE-6D3E68C9AF9E}"
	ProjectSection(ProjectDependencies) = postProject
	EndProjectSection
EndProject
Global
	GlobalSection(SolutionConfigurationPlatforms) = preSolution
		Debug|x64 = Debug|x64
		Release|x64 = Release|x64
	EndGlobalSection
	GlobalSection(ProjectConfigurationPlatforms) = postSolution
		{89B802AD-A3AB-3930-8DFA-1C7DC417D593}.Debug|x64.ActiveCfg = Debug|x64
		{89B802AD-A3AB-3930-8DFA-1C7DC417D593}.Debug|x64.Build.0 = Debug|x64
		{89B802AD-A3AB-3930-8DFA-1C7DC417D593}.Release|x64.ActiveCfg = Release|x64
		{89B802AD-A3AB-3930-8DFA-1C7DC417D593}.Release|x64.Build.0 = Release|x64
		{B178F04B-6CED-3C68-A4AE-22CB4724D25B}.Debug|x64.ActiveCfg = Debug|x64
		{B178F04B-6CED-3C68-A4AE-22CB4724D25B}.Release|x64.ActiveCfg = Release|x64
		{E2CF238D-DAA7-3A6E-96CE-E2BF05954BBB}.Debug|x64.ActiveCfg = Debug|x64
		{E2CF238D-DAA7-3A6E-96CE-E2BF05954BBB}.Debug|x64.Build.0 = Debug|x64
		{E2CF238D-DAA7-3A6E-96CE-E2BF05954BBB}.Release|x64.ActiveCfg = Release|x64
		{E2CF238D-DAA7-3A6E-96CE-E2BF05954BBB}.Release|x64.Build.0 = Release|x64
		{6EAA0E24-5693-3253-9511-120AD93158B3}.Debug|x64.ActiveCfg = Debug|x64
		{6EAA0E24-5693-3253-9511-120AD93158B3}.Debug|x64.Build.0 = Debug|x64
		{6EAA0E24-5693-3253-9511-120AD93158B3}.Release|x64.ActiveCfg = Release|x64
		{6EAA0E24-5693-3253-9511-120AD93158B3}.Release|x64.Build.0 = Release|x64
		{8D927447-548C-3379-8172-D75832BA3396}.Debug|x64.ActiveCfg = Debug|x64
		{8D927447-548C-3379-8172-D75832BA3396}.Debug|x64.Build.0 = Debug|x64
		{8D927447-548C-3379-8172-D75832BA3396}.Release|x64.ActiveCfg = Release|x64
		{8D927447-548C-3379-8172-D75832BA3396}.Release|x64.Build.0 = Release|x64
		{D4BD5EE6-15B6-3508-B1DE-6D3E68C9AF9E}.Debug|x64.ActiveCfg = Debug|x64
		{D4BD5EE6-15B6-3508-B1DE-6D3E68C9AF9E}.Debug|x64.Build.0 = Debug|x64
		{D4BD5EE6-15B6-3508-B1DE-6D3E68C9AF9E}.Release|x64.ActiveCfg = Release|x64
		{D4BD5EE6-15B6-3508-B1DE-6D3E68C9AF9E}.Release|x64.Build.0 = Release|x64
	EndGlobalSection
	GlobalSection(NestedProjects) = preSolution
		{B178F04B-6CED-3C68-A4AE-22CB4724D25B} = {7AB9BC1A-88A6-3D2E-B2BE-BEFD9D4B6EEC}
		{D4BD5EE6-15B6-3508-B1DE-6D3E68C9AF9E} = {7AB9BC1A-88A6-3D2E-B2BE-BEFD9D4B6EEC}
	EndGlobalSection
	GlobalSection(ExtensibilityGlobals) = postSolution
		SolutionGuid = {B977D9A4-E86D-32B4-9E18-1C1B87811755}
	EndGlobalSection
	GlobalSection(ExtensibilityAddIns) = postSolution
	EndGlobalSection
EndGlobal
