
Microsoft Visual Studio Solution File, Format Version 12.00
# Visual Studio Version 17
Project("{2150E333-8FDC-42A3-9474-1A3956D46DE8}") = "CMakePredefinedTargets", "CMakePredefinedTargets", "{29B29210-BB7B-325B-A340-4DE42221B952}"
EndProject
Project("{8BC9CEB8-8B4A-11D0-8D11-00A0C91BC942}") = "CSC8503", "CSC8503\CSC8503.vcxproj", "{DAE0BD26-EAF3-3DD2-8F78-740C0EC0D0D3}"
	ProjectSection(ProjectDependencies) = postProject
		{4AF9FFF6-53CA-3645-96EA-637CBBC26600} = {4AF9FFF6-53CA-3645-96EA-637CBBC26600}
		{3AF7F7DA-2E94-31BF-8566-D1B2CD51F9A5} = {3AF7F7DA-2E94-31BF-8566-D1B2CD51F9A5}
		{453A914B-7ABF-3653-8FF3-01297CE4E972} = {453A914B-7ABF-3653-8FF3-01297CE4E972}
	EndProjectSection
EndProject
Project("{8BC9CEB8-8B4A-11D0-8D11-00A0C91BC942}") = "ALL_BUILD", "ALL_BUILD.vcxproj", "{178450AB-F955-38DB-A3F8-D0AB9F1EE435}"
	ProjectSection(ProjectDependencies) = postProject
		{DAE0BD26-EAF3-3DD2-8F78-740C0EC0D0D3} = {DAE0BD26-EAF3-3DD2-8F78-740C0EC0D0D3}
		{4AF9FFF6-53CA-3645-96EA-637CBBC26600} = {4AF9FFF6-53CA-3645-96EA-637CBBC26600}
		{3AF7F7DA-2E94-31BF-8566-D1B2CD51F9A5} = {3AF7F7DA-2E94-31BF-8566-D1B2CD51F9A5}
		{453A914B-7ABF-3653-8FF3-01297CE4E972} = {453A914B-7ABF-3653-8FF3-01297CE4E972}
	EndProjectSection
EndProject
Project("{8BC9CEB8-8B4A-11D0-8D11-00A0C91BC942}") = "CSC8503CoreClasses", "CSC8503CoreClasses\CSC8503CoreClasses.vcxproj", "{4AF9FFF6-53CA-3645-96EA-637CBBC26600}"
	ProjectSection(ProjectDependencies) = postProject
		{3AF7F7DA-2E94-31BF-8566-D1B2CD51F9A5} = {3AF7F7DA-2E94-31BF-8566-D1B2CD51F9A5}
		{453A914B-7ABF-3653-8FF3-01297CE4E972} = {453A914B-7ABF-3653-8FF3-01297CE4E972}
	EndProjectSection
EndProject
Project("{8BC9CEB8-8B4A-11D0-8D11-00A0C91BC942}") = "NCLCoreClasses", "NCLCoreClasses\NCLCoreClasses.vcxproj", "{3AF7F7DA-2E94-31BF-8566-D1B2CD51F9A5}"
	ProjectSection(ProjectDependencies) = postProject
		{A9A1517F-E817-30FB-92CB-28E0F3D60FF5} = {A9A1517F-E817-30FB-92CB-28E0F3D60FF5}
	EndProjectSection
EndProject
Project("{8BC9CEB8-8B4A-11D0-8D11-00A0C91BC942}") = "OpenGLRendering", "OpenGLRendering\OpenGLRendering.vcxproj", "{A9A1517F-E817-30FB-92CB-28E0F3D60FF5}"
	ProjectSection(ProjectDependencies) = postProject
		{453A914B-7ABF-3653-8FF3-01297CE4E972} = {453A914B-7ABF-3653-8FF3-01297CE4E972}
	EndProjectSection
EndProject
Project("{8BC9CEB8-8B4A-11D0-8D11-00A0C91BC942}") = "ZERO_CHECK", "ZERO_CHECK.vcxproj", "{453A914B-7ABF-3653-8FF3-01297CE4E972}"
	ProjectSection(ProjectDependencies) = postProject
	EndProjectSection
EndProject
Global
	GlobalSection(SolutionConfigurationPlatforms) = preSolution
		Debug|x64 = Debug|x64
		Release|x64 = Release|x64
	EndGlobalSection
	GlobalSection(ProjectConfigurationPlatforms) = postSolution
		{DAE0BD26-EAF3-3DD2-8F78-740C0EC0D0D3}.Debug|x64.ActiveCfg = Debug|x64
		{DAE0BD26-EAF3-3DD2-8F78-740C0EC0D0D3}.Debug|x64.Build.0 = Debug|x64
		{DAE0BD26-EAF3-3DD2-8F78-740C0EC0D0D3}.Release|x64.ActiveCfg = Release|x64
		{DAE0BD26-EAF3-3DD2-8F78-740C0EC0D0D3}.Release|x64.Build.0 = Release|x64
		{178450AB-F955-38DB-A3F8-D0AB9F1EE435}.Debug|x64.ActiveCfg = Debug|x64
		{178450AB-F955-38DB-A3F8-D0AB9F1EE435}.Release|x64.ActiveCfg = Release|x64
		{4AF9FFF6-53CA-3645-96EA-637CBBC26600}.Debug|x64.ActiveCfg = Debug|x64
		{4AF9FFF6-53CA-3645-96EA-637CBBC26600}.Debug|x64.Build.0 = Debug|x64
		{4AF9FFF6-53CA-3645-96EA-637CBBC26600}.Release|x64.ActiveCfg = Release|x64
		{4AF9FFF6-53CA-3645-96EA-637CBBC26600}.Release|x64.Build.0 = Release|x64
		{3AF7F7DA-2E94-31BF-8566-D1B2CD51F9A5}.Debug|x64.ActiveCfg = Debug|x64
		{3AF7F7DA-2E94-31BF-8566-D1B2CD51F9A5}.Debug|x64.Build.0 = Debug|x64
		{3AF7F7DA-2E94-31BF-8566-D1B2CD51F9A5}.Release|x64.ActiveCfg = Release|x64
		{3AF7F7DA-2E94-31BF-8566-D1B2CD51F9A5}.Release|x64.Build.0 = Release|x64
		{A9A1517F-E817-30FB-92CB-28E0F3D60FF5}.Debug|x64.ActiveCfg = Debug|x64
		{A9A1517F-E817-30FB-92CB-28E0F3D60FF5}.Debug|x64.Build.0 = Debug|x64
		{A9A1517F-E817-30FB-92CB-28E0F3D60FF5}.Release|x64.ActiveCfg = Release|x64
		{A9A1517F-E817-30FB-92CB-28E0F3D60FF5}.Release|x64.Build.0 = Release|x64
		{453A914B-7ABF-3653-8FF3-01297CE4E972}.Debug|x64.ActiveCfg = Debug|x64
		{453A914B-7ABF-3653-8FF3-01297CE4E972}.Debug|x64.Build.0 = Debug|x64
		{453A914B-7ABF-3653-8FF3-01297CE4E972}.Release|x64.ActiveCfg = Release|x64
		{453A914B-7ABF-3653-8FF3-01297CE4E972}.Release|x64.Build.0 = Release|x64
	EndGlobalSection
	GlobalSection(NestedProjects) = preSolution
		{178450AB-F955-38DB-A3F8-D0AB9F1EE435} = {29B29210-BB7B-325B-A340-4DE42221B952}
		{453A914B-7ABF-3653-8FF3-01297CE4E972} = {29B29210-BB7B-325B-A340-4DE42221B952}
	EndGlobalSection
	GlobalSection(ExtensibilityGlobals) = postSolution
		SolutionGuid = {2D3C749B-E5F0-30FE-9D50-F1A24CC988A4}
	EndGlobalSection
	GlobalSection(ExtensibilityAddIns) = postSolution
	EndGlobalSection
EndGlobal
