
Microsoft Visual Studio Solution File, Format Version 12.00
# Visual Studio Version 17
Project("{2150E333-8FDC-42A3-9474-1A3956D46DE8}") = "CMakePredefinedTargets", "CMakePredefinedTargets", "{F7AF1BDF-B45C-3192-BA23-7E0DF12667B8}"
EndProject
Project("{8BC9CEB8-8B4A-11D0-8D11-00A0C91BC942}") = "CSC8503", "CSC8503\CSC8503.vcxproj", "{7510CA69-4555-35CB-83B3-CEB1030CB6C8}"
	ProjectSection(ProjectDependencies) = postProject
		{63D8B38C-DB2F-3FE8-B4A0-970727A30B91} = {63D8B38C-DB2F-3FE8-B4A0-970727A30B91}
		{7D972789-507E-31C8-9A8C-319994659406} = {7D972789-507E-31C8-9A8C-319994659406}
		{1713FD01-4695-3B04-92EA-C0E651D290C8} = {1713FD01-4695-3B04-92EA-C0E651D290C8}
	EndProjectSection
EndProject
Project("{8BC9CEB8-8B4A-11D0-8D11-00A0C91BC942}") = "ALL_BUILD", "ALL_BUILD.vcxproj", "{BBEDFC8B-2D6A-3593-B1DD-C63511AC42AF}"
	ProjectSection(ProjectDependencies) = postProject
		{7510CA69-4555-35CB-83B3-CEB1030CB6C8} = {7510CA69-4555-35CB-83B3-CEB1030CB6C8}
		{63D8B38C-DB2F-3FE8-B4A0-970727A30B91} = {63D8B38C-DB2F-3FE8-B4A0-970727A30B91}
		{7D972789-507E-31C8-9A8C-319994659406} = {7D972789-507E-31C8-9A8C-319994659406}
		{1713FD01-4695-3B04-92EA-C0E651D290C8} = {1713FD01-4695-3B04-92EA-C0E651D290C8}
	EndProjectSection
EndProject
Project("{8BC9CEB8-8B4A-11D0-8D11-00A0C91BC942}") = "CSC8503CoreClasses", "CSC8503CoreClasses\CSC8503CoreClasses.vcxproj", "{63D8B38C-DB2F-3FE8-B4A0-970727A30B91}"
	ProjectSection(ProjectDependencies) = postProject
		{7D972789-507E-31C8-9A8C-319994659406} = {7D972789-507E-31C8-9A8C-319994659406}
		{1713FD01-4695-3B04-92EA-C0E651D290C8} = {1713FD01-4695-3B04-92EA-C0E651D290C8}
	EndProjectSection
EndProject
Project("{8BC9CEB8-8B4A-11D0-8D11-00A0C91BC942}") = "NCLCoreClasses", "NCLCoreClasses\NCLCoreClasses.vcxproj", "{7D972789-507E-31C8-9A8C-319994659406}"
	ProjectSection(ProjectDependencies) = postProject
		{698230CA-1511-35FD-BDAC-FB12BF9C55F3} = {698230CA-1511-35FD-BDAC-FB12BF9C55F3}
	EndProjectSection
EndProject
Project("{8BC9CEB8-8B4A-11D0-8D11-00A0C91BC942}") = "OpenGLRendering", "OpenGLRendering\OpenGLRendering.vcxproj", "{698230CA-1511-35FD-BDAC-FB12BF9C55F3}"
	ProjectSection(ProjectDependencies) = postProject
		{1713FD01-4695-3B04-92EA-C0E651D290C8} = {1713FD01-4695-3B04-92EA-C0E651D290C8}
	EndProjectSection
EndProject
Project("{8BC9CEB8-8B4A-11D0-8D11-00A0C91BC942}") = "ZERO_CHECK", "ZERO_CHECK.vcxproj", "{1713FD01-4695-3B04-92EA-C0E651D290C8}"
	ProjectSection(ProjectDependencies) = postProject
	EndProjectSection
EndProject
Global
	GlobalSection(SolutionConfigurationPlatforms) = preSolution
		Debug|x64 = Debug|x64
		Release|x64 = Release|x64
	EndGlobalSection
	GlobalSection(ProjectConfigurationPlatforms) = postSolution
		{7510CA69-4555-35CB-83B3-CEB1030CB6C8}.Debug|x64.ActiveCfg = Debug|x64
		{7510CA69-4555-35CB-83B3-CEB1030CB6C8}.Debug|x64.Build.0 = Debug|x64
		{7510CA69-4555-35CB-83B3-CEB1030CB6C8}.Release|x64.ActiveCfg = Release|x64
		{7510CA69-4555-35CB-83B3-CEB1030CB6C8}.Release|x64.Build.0 = Release|x64
		{BBEDFC8B-2D6A-3593-B1DD-C63511AC42AF}.Debug|x64.ActiveCfg = Debug|x64
		{BBEDFC8B-2D6A-3593-B1DD-C63511AC42AF}.Release|x64.ActiveCfg = Release|x64
		{63D8B38C-DB2F-3FE8-B4A0-970727A30B91}.Debug|x64.ActiveCfg = Debug|x64
		{63D8B38C-DB2F-3FE8-B4A0-970727A30B91}.Debug|x64.Build.0 = Debug|x64
		{63D8B38C-DB2F-3FE8-B4A0-970727A30B91}.Release|x64.ActiveCfg = Release|x64
		{63D8B38C-DB2F-3FE8-B4A0-970727A30B91}.Release|x64.Build.0 = Release|x64
		{7D972789-507E-31C8-9A8C-319994659406}.Debug|x64.ActiveCfg = Debug|x64
		{7D972789-507E-31C8-9A8C-319994659406}.Debug|x64.Build.0 = Debug|x64
		{7D972789-507E-31C8-9A8C-319994659406}.Release|x64.ActiveCfg = Release|x64
		{7D972789-507E-31C8-9A8C-319994659406}.Release|x64.Build.0 = Release|x64
		{698230CA-1511-35FD-BDAC-FB12BF9C55F3}.Debug|x64.ActiveCfg = Debug|x64
		{698230CA-1511-35FD-BDAC-FB12BF9C55F3}.Debug|x64.Build.0 = Debug|x64
		{698230CA-1511-35FD-BDAC-FB12BF9C55F3}.Release|x64.ActiveCfg = Release|x64
		{698230CA-1511-35FD-BDAC-FB12BF9C55F3}.Release|x64.Build.0 = Release|x64
		{1713FD01-4695-3B04-92EA-C0E651D290C8}.Debug|x64.ActiveCfg = Debug|x64
		{1713FD01-4695-3B04-92EA-C0E651D290C8}.Debug|x64.Build.0 = Debug|x64
		{1713FD01-4695-3B04-92EA-C0E651D290C8}.Release|x64.ActiveCfg = Release|x64
		{1713FD01-4695-3B04-92EA-C0E651D290C8}.Release|x64.Build.0 = Release|x64
	EndGlobalSection
	GlobalSection(NestedProjects) = preSolution
		{BBEDFC8B-2D6A-3593-B1DD-C63511AC42AF} = {F7AF1BDF-B45C-3192-BA23-7E0DF12667B8}
		{1713FD01-4695-3B04-92EA-C0E651D290C8} = {F7AF1BDF-B45C-3192-BA23-7E0DF12667B8}
	EndGlobalSection
	GlobalSection(ExtensibilityGlobals) = postSolution
		SolutionGuid = {8D5A620D-8274-30D1-8D97-4D9792F09019}
	EndGlobalSection
	GlobalSection(ExtensibilityAddIns) = postSolution
	EndGlobalSection
EndGlobal
