<?xml version="1.0" encoding="utf-8"?>
<Project ToolsVersion="17.0" xmlns="http://schemas.microsoft.com/developer/msbuild/2003">
  <ItemGroup>
    <ClCompile Include="F:\Study\CSC8508\4\CSC8508-TeamProject\CSC8503CoreClasses\CMakeFiles\CSC8503CoreClasses.dir\cmake_pch.cxx">
      <Filter>Source Files</Filter>
    </ClCompile>
    <ClCompile Include="F:\Study\CSC8508\4\CSC8508-TeamProject\CSC8503CoreClasses\Debug.h">
      <Filter>Header Files</Filter>
    </ClCompile>
    <ClCompile Include="F:\Study\CSC8508\4\CSC8508-TeamProject\CSC8503CoreClasses\GameObject.h">
      <Filter>Header Files</Filter>
    </ClCompile>
    <ClCompile Include="F:\Study\CSC8508\4\CSC8508-TeamProject\CSC8503CoreClasses\GameWorld.h">
      <Filter>Header Files</Filter>
    </ClCompile>
    <ClCompile Include="F:\Study\CSC8508\4\CSC8508-TeamProject\CSC8503CoreClasses\RenderObject.h">
      <Filter>Header Files</Filter>
    </ClCompile>
    <ClCompile Include="F:\Study\CSC8508\4\CSC8508-TeamProject\CSC8503CoreClasses\Transform.h">
      <Filter>Header Files</Filter>
    </ClCompile>
    <ClCompile Include="F:\Study\CSC8508\4\CSC8508-TeamProject\CSC8503CoreClasses\Debug.cpp">
      <Filter>Source Files</Filter>
    </ClCompile>
    <ClCompile Include="F:\Study\CSC8508\4\CSC8508-TeamProject\CSC8503CoreClasses\GameObject.cpp">
      <Filter>Source Files</Filter>
    </ClCompile>
    <ClCompile Include="F:\Study\CSC8508\4\CSC8508-TeamProject\CSC8503CoreClasses\GameWorld.cpp">
      <Filter>Source Files</Filter>
    </ClCompile>
    <ClCompile Include="F:\Study\CSC8508\4\CSC8508-TeamProject\CSC8503CoreClasses\RenderObject.cpp">
      <Filter>Source Files</Filter>
    </ClCompile>
    <ClCompile Include="F:\Study\CSC8508\4\CSC8508-TeamProject\CSC8503CoreClasses\Transform.cpp">
      <Filter>Source Files</Filter>
    </ClCompile>
    <ClCompile Include="F:\Study\CSC8508\4\CSC8508-TeamProject\CSC8503CoreClasses\BehaviourAction.h">
      <Filter>AI\Behaviour Trees</Filter>
    </ClCompile>
    <ClCompile Include="F:\Study\CSC8508\4\CSC8508-TeamProject\CSC8503CoreClasses\BehaviourNode.h">
      <Filter>AI\Behaviour Trees</Filter>
    </ClCompile>
    <ClCompile Include="F:\Study\CSC8508\4\CSC8508-TeamProject\CSC8503CoreClasses\BehaviourNodeWithChildren.h">
      <Filter>AI\Behaviour Trees</Filter>
    </ClCompile>
    <ClCompile Include="F:\Study\CSC8508\4\CSC8508-TeamProject\CSC8503CoreClasses\BehaviourSelector.h">
      <Filter>AI\Behaviour Trees</Filter>
    </ClCompile>
    <ClCompile Include="F:\Study\CSC8508\4\CSC8508-TeamProject\CSC8503CoreClasses\BehaviourSelector.cpp">
      <Filter>AI\Behaviour Trees</Filter>
    </ClCompile>
    <ClCompile Include="F:\Study\CSC8508\4\CSC8508-TeamProject\CSC8503CoreClasses\BehaviourSequence.h">
      <Filter>AI\Behaviour Trees</Filter>
    </ClCompile>
    <ClCompile Include="F:\Study\CSC8508\4\CSC8508-TeamProject\CSC8503CoreClasses\BehaviourSequence.cpp">
      <Filter>AI\Behaviour Trees</Filter>
    </ClCompile>
    <ClCompile Include="F:\Study\CSC8508\4\CSC8508-TeamProject\CSC8503CoreClasses\PushdownMachine.h">
      <Filter>AI\Pushdown Automata</Filter>
    </ClCompile>
    <ClCompile Include="F:\Study\CSC8508\4\CSC8508-TeamProject\CSC8503CoreClasses\PushdownMachine.cpp">
      <Filter>AI\Pushdown Automata</Filter>
    </ClCompile>
    <ClCompile Include="F:\Study\CSC8508\4\CSC8508-TeamProject\CSC8503CoreClasses\PushdownState.h">
      <Filter>AI\Pushdown Automata</Filter>
    </ClCompile>
    <ClCompile Include="F:\Study\CSC8508\4\CSC8508-TeamProject\CSC8503CoreClasses\PushdownState.cpp">
      <Filter>AI\Pushdown Automata</Filter>
    </ClCompile>
    <ClCompile Include="F:\Study\CSC8508\4\CSC8508-TeamProject\CSC8503CoreClasses\State.h">
      <Filter>AI\State Machine</Filter>
    </ClCompile>
    <ClCompile Include="F:\Study\CSC8508\4\CSC8508-TeamProject\CSC8503CoreClasses\StateMachine.h">
      <Filter>AI\State Machine</Filter>
    </ClCompile>
    <ClCompile Include="F:\Study\CSC8508\4\CSC8508-TeamProject\CSC8503CoreClasses\StateMachine.cpp">
      <Filter>AI\State Machine</Filter>
    </ClCompile>
    <ClCompile Include="F:\Study\CSC8508\4\CSC8508-TeamProject\CSC8503CoreClasses\StateTransition.h">
      <Filter>AI\State Machine</Filter>
    </ClCompile>
    <ClCompile Include="F:\Study\CSC8508\4\CSC8508-TeamProject\CSC8503CoreClasses\NavigationGrid.h">
      <Filter>AI\Pathfinding</Filter>
    </ClCompile>
    <ClCompile Include="F:\Study\CSC8508\4\CSC8508-TeamProject\CSC8503CoreClasses\NavigationGrid.cpp">
      <Filter>AI\Pathfinding</Filter>
    </ClCompile>
    <ClCompile Include="F:\Study\CSC8508\4\CSC8508-TeamProject\CSC8503CoreClasses\NavigationMesh.cpp">
      <Filter>AI\Pathfinding</Filter>
    </ClCompile>
    <ClCompile Include="F:\Study\CSC8508\4\CSC8508-TeamProject\CSC8503CoreClasses\NavigationMesh.h">
      <Filter>AI\Pathfinding</Filter>
    </ClCompile>
    <ClCompile Include="F:\Study\CSC8508\4\CSC8508-TeamProject\CSC8503CoreClasses\NavigationMap.h">
      <Filter>AI\Pathfinding</Filter>
    </ClCompile>
    <ClCompile Include="F:\Study\CSC8508\4\CSC8508-TeamProject\CSC8503CoreClasses\NavigationPath.h">
      <Filter>AI\Pathfinding</Filter>
    </ClCompile>
    <ClCompile Include="F:\Study\CSC8508\4\CSC8508-TeamProject\CSC8503CoreClasses\AABBVolume.h">
      <Filter>Collision Detection</Filter>
    </ClCompile>
    <ClCompile Include="F:\Study\CSC8508\4\CSC8508-TeamProject\CSC8503CoreClasses\CapsuleVolume.h">
      <Filter>Collision Detection</Filter>
    </ClCompile>
    <ClCompile Include="F:\Study\CSC8508\4\CSC8508-TeamProject\CSC8503CoreClasses\CapsuleVolume.cpp">
      <Filter>Collision Detection</Filter>
    </ClCompile>
    <ClCompile Include="F:\Study\CSC8508\4\CSC8508-TeamProject\CSC8503CoreClasses\CollisionDetection.h">
      <Filter>Collision Detection</Filter>
    </ClCompile>
    <ClCompile Include="F:\Study\CSC8508\4\CSC8508-TeamProject\CSC8503CoreClasses\CollisionDetection.cpp">
      <Filter>Collision Detection</Filter>
    </ClCompile>
    <ClCompile Include="F:\Study\CSC8508\4\CSC8508-TeamProject\CSC8503CoreClasses\CollisionVolume.h">
      <Filter>Collision Detection</Filter>
    </ClCompile>
    <ClCompile Include="F:\Study\CSC8508\4\CSC8508-TeamProject\CSC8503CoreClasses\OBBVolume.h">
      <Filter>Collision Detection</Filter>
    </ClCompile>
    <ClCompile Include="F:\Study\CSC8508\4\CSC8508-TeamProject\CSC8503CoreClasses\PlaneVolume.h">
      <Filter>Collision Detection</Filter>
    </ClCompile>
    <ClCompile Include="F:\Study\CSC8508\4\CSC8508-TeamProject\CSC8503CoreClasses\QuadTree.h">
      <Filter>Collision Detection</Filter>
    </ClCompile>
    <ClCompile Include="F:\Study\CSC8508\4\CSC8508-TeamProject\CSC8503CoreClasses\QuadTree.cpp">
      <Filter>Collision Detection</Filter>
    </ClCompile>
    <ClCompile Include="F:\Study\CSC8508\4\CSC8508-TeamProject\CSC8503CoreClasses\Ray.h">
      <Filter>Collision Detection</Filter>
    </ClCompile>
    <ClCompile Include="F:\Study\CSC8508\4\CSC8508-TeamProject\CSC8503CoreClasses\SphereVolume.h">
      <Filter>Collision Detection</Filter>
    </ClCompile>
    <ClCompile Include="F:\Study\CSC8508\4\CSC8508-TeamProject\CSC8503CoreClasses\GameClient.h">
      <Filter>Networking</Filter>
    </ClCompile>
    <ClCompile Include="F:\Study\CSC8508\4\CSC8508-TeamProject\CSC8503CoreClasses\GameClient.cpp">
      <Filter>Networking</Filter>
    </ClCompile>
    <ClCompile Include="F:\Study\CSC8508\4\CSC8508-TeamProject\CSC8503CoreClasses\GameServer.h">
      <Filter>Networking</Filter>
    </ClCompile>
    <ClCompile Include="F:\Study\CSC8508\4\CSC8508-TeamProject\CSC8503CoreClasses\GameServer.cpp">
      <Filter>Networking</Filter>
    </ClCompile>
    <ClCompile Include="F:\Study\CSC8508\4\CSC8508-TeamProject\CSC8503CoreClasses\NetworkBase.h">
      <Filter>Networking</Filter>
    </ClCompile>
    <ClCompile Include="F:\Study\CSC8508\4\CSC8508-TeamProject\CSC8503CoreClasses\NetworkBase.cpp">
      <Filter>Networking</Filter>
    </ClCompile>
    <ClCompile Include="F:\Study\CSC8508\4\CSC8508-TeamProject\CSC8503CoreClasses\NetworkObject.h">
      <Filter>Networking</Filter>
    </ClCompile>
    <ClCompile Include="F:\Study\CSC8508\4\CSC8508-TeamProject\CSC8503CoreClasses\NetworkObject.cpp">
      <Filter>Networking</Filter>
    </ClCompile>
    <ClCompile Include="F:\Study\CSC8508\4\CSC8508-TeamProject\CSC8503CoreClasses\NetworkState.h">
      <Filter>Networking</Filter>
    </ClCompile>
    <ClCompile Include="F:\Study\CSC8508\4\CSC8508-TeamProject\CSC8503CoreClasses\NetworkState.cpp">
      <Filter>Networking</Filter>
    </ClCompile>
    <ClCompile Include="F:\Study\CSC8508\4\CSC8508-TeamProject\CSC8503CoreClasses\Constraint.h">
      <Filter>Physics</Filter>
    </ClCompile>
    <ClCompile Include="F:\Study\CSC8508\4\CSC8508-TeamProject\CSC8503CoreClasses\PositionConstraint.cpp">
      <Filter>Physics</Filter>
    </ClCompile>
    <ClCompile Include="F:\Study\CSC8508\4\CSC8508-TeamProject\CSC8503CoreClasses\PositionConstraint.h">
      <Filter>Physics</Filter>
    </ClCompile>
    <ClCompile Include="F:\Study\CSC8508\4\CSC8508-TeamProject\CSC8503CoreClasses\OrientationConstraint.cpp">
      <Filter>Physics</Filter>
    </ClCompile>
    <ClCompile Include="F:\Study\CSC8508\4\CSC8508-TeamProject\CSC8503CoreClasses\OrientationConstraint.h">
      <Filter>Physics</Filter>
    </ClCompile>
    <ClCompile Include="F:\Study\CSC8508\4\CSC8508-TeamProject\CSC8503CoreClasses\PhysicsObject.cpp">
      <Filter>Physics</Filter>
    </ClCompile>
    <ClCompile Include="F:\Study\CSC8508\4\CSC8508-TeamProject\CSC8503CoreClasses\PhysicsObject.h">
      <Filter>Physics</Filter>
    </ClCompile>
    <ClCompile Include="F:\Study\CSC8508\4\CSC8508-TeamProject\CSC8503CoreClasses\PhysicsSystem.cpp">
      <Filter>Physics</Filter>
    </ClCompile>
    <ClCompile Include="F:\Study\CSC8508\4\CSC8508-TeamProject\CSC8503CoreClasses\PhysicsSystem.h">
      <Filter>Physics</Filter>
    </ClCompile>
    <ClCompile Include="F:\Study\CSC8508\4\CSC8508-TeamProject\CSC8503CoreClasses\enet\callbacks.c">
      <Filter>eNet</Filter>
    </ClCompile>
    <ClCompile Include="F:\Study\CSC8508\4\CSC8508-TeamProject\CSC8503CoreClasses\enet\list.h">
      <Filter>eNet</Filter>
    </ClCompile>
    <ClCompile Include="F:\Study\CSC8508\4\CSC8508-TeamProject\CSC8503CoreClasses\enet\list.c">
      <Filter>eNet</Filter>
    </ClCompile>
    <ClCompile Include="F:\Study\CSC8508\4\CSC8508-TeamProject\CSC8503CoreClasses\enet\protocol.h">
      <Filter>eNet</Filter>
    </ClCompile>
    <ClCompile Include="F:\Study\CSC8508\4\CSC8508-TeamProject\CSC8503CoreClasses\enet\protocol.c">
      <Filter>eNet</Filter>
    </ClCompile>
    <ClCompile Include="F:\Study\CSC8508\4\CSC8508-TeamProject\CSC8503CoreClasses\enet\win32.h">
      <Filter>eNet</Filter>
    </ClCompile>
    <ClCompile Include="F:\Study\CSC8508\4\CSC8508-TeamProject\CSC8503CoreClasses\enet\win32.c">
      <Filter>eNet</Filter>
    </ClCompile>
    <ClCompile Include="F:\Study\CSC8508\4\CSC8508-TeamProject\CSC8503CoreClasses\enet\enet.h">
      <Filter>eNet</Filter>
    </ClCompile>
    <ClCompile Include="F:\Study\CSC8508\4\CSC8508-TeamProject\CSC8503CoreClasses\enet\time.h">
      <Filter>eNet</Filter>
    </ClCompile>
    <ClCompile Include="F:\Study\CSC8508\4\CSC8508-TeamProject\CSC8503CoreClasses\enet\types.h">
      <Filter>eNet</Filter>
    </ClCompile>
    <ClCompile Include="F:\Study\CSC8508\4\CSC8508-TeamProject\CSC8503CoreClasses\enet\utility.h">
      <Filter>eNet</Filter>
    </ClCompile>
    <ClCompile Include="F:\Study\CSC8508\4\CSC8508-TeamProject\CSC8503CoreClasses\enet\compress.c">
      <Filter>eNet</Filter>
    </ClCompile>
    <ClCompile Include="F:\Study\CSC8508\4\CSC8508-TeamProject\CSC8503CoreClasses\enet\host.c">
      <Filter>eNet</Filter>
    </ClCompile>
    <ClCompile Include="F:\Study\CSC8508\4\CSC8508-TeamProject\CSC8503CoreClasses\enet\packet.c">
      <Filter>eNet</Filter>
    </ClCompile>
    <ClCompile Include="F:\Study\CSC8508\4\CSC8508-TeamProject\CSC8503CoreClasses\enet\peer.c">
      <Filter>eNet</Filter>
    </ClCompile>
  </ItemGroup>
  <ItemGroup>
    <ClInclude Include="F:\Study\CSC8508\4\CSC8508-TeamProject\CSC8503CoreClasses\CMakeFiles\CSC8503CoreClasses.dir\Debug\cmake_pch.hxx">
      <Filter>Precompile Header File</Filter>
    </ClInclude>
    <ClInclude Include="F:\Study\CSC8508\4\CSC8508-TeamProject\CSC8503CoreClasses\CMakeFiles\CSC8503CoreClasses.dir\Release\cmake_pch.hxx">
      <Filter>Precompile Header File</Filter>
    </ClInclude>
  </ItemGroup>
  <ItemGroup>
    <CustomBuild Include="F:\Study\CSC8508\4\CSC8508-TeamProject\CSC8503CoreClasses\CMakeLists.txt" />
  </ItemGroup>
  <ItemGroup>
    <Filter Include="AI">
      <UniqueIdentifier>{1053F37B-F618-3FBD-8A9B-978822F527E6}</UniqueIdentifier>
    </Filter>
    <Filter Include="AI\Behaviour Trees">
      <UniqueIdentifier>{EFD072BE-A202-3976-AC66-ECCA1E77C930}</UniqueIdentifier>
    </Filter>
    <Filter Include="AI\Pathfinding">
      <UniqueIdentifier>{A66653A4-A977-3BDA-9C95-AD935FE72686}</UniqueIdentifier>
    </Filter>
    <Filter Include="AI\Pushdown Automata">
      <UniqueIdentifier>{BFA7BE4B-C91C-3153-807E-B4FB1C1B77AD}</UniqueIdentifier>
    </Filter>
    <Filter Include="AI\State Machine">
      <UniqueIdentifier>{D81A3AB4-4E71-3992-B47C-1D853BBDADC4}</UniqueIdentifier>
    </Filter>
    <Filter Include="Collision Detection">
      <UniqueIdentifier>{356838D7-665F-3789-84CF-C10CD80E93E3}</UniqueIdentifier>
    </Filter>
    <Filter Include="Header Files">
      <UniqueIdentifier>{BE106561-0079-3A57-89FA-099F3D8276A3}</UniqueIdentifier>
    </Filter>
    <Filter Include="Networking">
      <UniqueIdentifier>{E148F6A5-7E74-378A-BD3D-A8009223ABFC}</UniqueIdentifier>
    </Filter>
    <Filter Include="Physics">
      <UniqueIdentifier>{6F326EB3-77A0-3A98-91BA-26CF7B7CDD20}</UniqueIdentifier>
    </Filter>
    <Filter Include="Precompile Header File">
      <UniqueIdentifier>{49A54A81-B84E-35F6-AFEF-E92CE866A199}</UniqueIdentifier>
    </Filter>
    <Filter Include="Source Files">
      <UniqueIdentifier>{0E2D62F7-54A3-3608-A01E-C644CAD871CB}</UniqueIdentifier>
    </Filter>
    <Filter Include="eNet">
      <UniqueIdentifier>{0E1FFDA8-F382-3B4B-B18E-D7BC55382AA4}</UniqueIdentifier>
    </Filter>
  </ItemGroup>
</Project>
